// !$*UTF8*$!
{
	archiveVersion = 1;
	classes = {
	};
	objectVersion = 77;
	objects = {

/* Begin PBXBuildFile section */
		4A36D2542D09B6670083245C /* PlanCategory+CoreDataClass.swift in Sources */ = {isa = PBXBuildFile; fileRef = 4A36D2502D09B6670083245C /* PlanCategory+CoreDataClass.swift */; };
		4A36D2552D09B6670083245C /* PlanCategory+CoreDataProperties.swift in Sources */ = {isa = PBXBuildFile; fileRef = 4A36D2512D09B6670083245C /* PlanCategory+CoreDataProperties.swift */; };
		4A36D2A02D09B8550083245C /* PlanBlockTemplate+CoreDataClass.swift in Sources */ = {isa = PBXBuildFile; fileRef = 4A36D29A2D09B8550083245C /* PlanBlockTemplate+CoreDataClass.swift */; };
		4A36D2A12D09B8550083245C /* PlanInstance+CoreDataClass.swift in Sources */ = {isa = PBXBuildFile; fileRef = 4A36D29C2D09B8550083245C /* PlanInstance+CoreDataClass.swift */; };
		4A36D2A22D09B8550083245C /* PlanInstance+CoreDataProperties.swift in Sources */ = {isa = PBXBuildFile; fileRef = 4A36D29D2D09B8550083245C /* PlanInstance+CoreDataProperties.swift */; };
		4A36D2A32D09B8550083245C /* PlanBlockInstance+CoreDataClass.swift in Sources */ = {isa = PBXBuildFile; fileRef = 4A36D2982D09B8550083245C /* PlanBlockInstance+CoreDataClass.swift */; };
		4A36D2A42D09B8550083245C /* PlanBlockInstance+CoreDataProperties.swift in Sources */ = {isa = PBXBuildFile; fileRef = 4A36D2992D09B8550083245C /* PlanBlockInstance+CoreDataProperties.swift */; };
		4A36D2A52D09B8550083245C /* PlanBlockTemplate+CoreDataProperties.swift in Sources */ = {isa = PBXBuildFile; fileRef = 4A36D29B2D09B8550083245C /* PlanBlockTemplate+CoreDataProperties.swift */; };
		4A36D2A62D09B8550083245C /* PlanTemplate+CoreDataClass.swift in Sources */ = {isa = PBXBuildFile; fileRef = 4A36D29E2D09B8550083245C /* PlanTemplate+CoreDataClass.swift */; };
		4A36D2A72D09B8550083245C /* PlanTemplate+CoreDataProperties.swift in Sources */ = {isa = PBXBuildFile; fileRef = 4A36D29F2D09B8550083245C /* PlanTemplate+CoreDataProperties.swift */; };
/* End PBXBuildFile section */

/* Begin PBXContainerItemProxy section */
		4A36D1362D0442C40083245C /* PBXContainerItemProxy */ = {
			isa = PBXContainerItemProxy;
			containerPortal = 4A36D11D2D0442C30083245C /* Project object */;
			proxyType = 1;
			remoteGlobalIDString = 4A36D1242D0442C30083245C;
			remoteInfo = SmartPlanner;
		};
		4A36D1402D0442C40083245C /* PBXContainerItemProxy */ = {
			isa = PBXContainerItemProxy;
			containerPortal = 4A36D11D2D0442C30083245C /* Project object */;
			proxyType = 1;
			remoteGlobalIDString = 4A36D1242D0442C30083245C;
			remoteInfo = SmartPlanner;
		};
/* End PBXContainerItemProxy section */

/* Begin PBXFileReference section */
		4A36D1252D0442C30083245C /* SmartPlanner.app */ = {isa = PBXFileReference; explicitFileType = wrapper.application; includeInIndex = 0; path = SmartPlanner.app; sourceTree = BUILT_PRODUCTS_DIR; };
		4A36D1352D0442C40083245C /* SmartPlannerTests.xctest */ = {isa = PBXFileReference; explicitFileType = wrapper.cfbundle; includeInIndex = 0; path = SmartPlannerTests.xctest; sourceTree = BUILT_PRODUCTS_DIR; };
		4A36D13F2D0442C40083245C /* SmartPlannerUITests.xctest */ = {isa = PBXFileReference; explicitFileType = wrapper.cfbundle; includeInIndex = 0; path = SmartPlannerUITests.xctest; sourceTree = BUILT_PRODUCTS_DIR; };
		4A36D2502D09B6670083245C /* PlanCategory+CoreDataClass.swift */ = {isa = PBXFileReference; lastKnownFileType = sourcecode.swift; name = "PlanCategory+CoreDataClass.swift"; path = "SmartPlanner/Models/CoreDataModels/PlanCategory+CoreDataClass.swift"; sourceTree = "<group>"; };
		4A36D2512D09B6670083245C /* PlanCategory+CoreDataProperties.swift */ = {isa = PBXFileReference; lastKnownFileType = sourcecode.swift; name = "PlanCategory+CoreDataProperties.swift"; path = "SmartPlanner/Models/CoreDataModels/PlanCategory+CoreDataProperties.swift"; sourceTree = "<group>"; };
		4A36D2982D09B8550083245C /* PlanBlockInstance+CoreDataClass.swift */ = {isa = PBXFileReference; lastKnownFileType = sourcecode.swift; name = "PlanBlockInstance+CoreDataClass.swift"; path = "SmartPlanner/Models/CoreDataModels/PlanBlockInstance+CoreDataClass.swift"; sourceTree = "<group>"; };
		4A36D2992D09B8550083245C /* PlanBlockInstance+CoreDataProperties.swift */ = {isa = PBXFileReference; lastKnownFileType = sourcecode.swift; name = "PlanBlockInstance+CoreDataProperties.swift"; path = "SmartPlanner/Models/CoreDataModels/PlanBlockInstance+CoreDataProperties.swift"; sourceTree = "<group>"; };
		4A36D29A2D09B8550083245C /* PlanBlockTemplate+CoreDataClass.swift */ = {isa = PBXFileReference; lastKnownFileType = sourcecode.swift; name = "PlanBlockTemplate+CoreDataClass.swift"; path = "SmartPlanner/Models/CoreDataModels/PlanBlockTemplate+CoreDataClass.swift"; sourceTree = "<group>"; };
		4A36D29B2D09B8550083245C /* PlanBlockTemplate+CoreDataProperties.swift */ = {isa = PBXFileReference; lastKnownFileType = sourcecode.swift; name = "PlanBlockTemplate+CoreDataProperties.swift"; path = "SmartPlanner/Models/CoreDataModels/PlanBlockTemplate+CoreDataProperties.swift"; sourceTree = "<group>"; };
		4A36D29C2D09B8550083245C /* PlanInstance+CoreDataClass.swift */ = {isa = PBXFileReference; lastKnownFileType = sourcecode.swift; name = "PlanInstance+CoreDataClass.swift"; path = "SmartPlanner/Models/CoreDataModels/PlanInstance+CoreDataClass.swift"; sourceTree = "<group>"; };
		4A36D29D2D09B8550083245C /* PlanInstance+CoreDataProperties.swift */ = {isa = PBXFileReference; lastKnownFileType = sourcecode.swift; name = "PlanInstance+CoreDataProperties.swift"; path = "SmartPlanner/Models/CoreDataModels/PlanInstance+CoreDataProperties.swift"; sourceTree = "<group>"; };
		4A36D29E2D09B8550083245C /* PlanTemplate+CoreDataClass.swift */ = {isa = PBXFileReference; lastKnownFileType = sourcecode.swift; name = "PlanTemplate+CoreDataClass.swift"; path = "SmartPlanner/Models/CoreDataModels/PlanTemplate+CoreDataClass.swift"; sourceTree = "<group>"; };
		4A36D29F2D09B8550083245C /* PlanTemplate+CoreDataProperties.swift */ = {isa = PBXFileReference; lastKnownFileType = sourcecode.swift; name = "PlanTemplate+CoreDataProperties.swift"; path = "SmartPlanner/Models/CoreDataModels/PlanTemplate+CoreDataProperties.swift"; sourceTree = "<group>"; };
/* End PBXFileReference section */

/* Begin PBXFileSystemSynchronizedRootGroup section */
		4A36D1272D0442C30083245C /* SmartPlanner */ = {
			isa = PBXFileSystemSynchronizedRootGroup;
			path = SmartPlanner;
			sourceTree = "<group>";
		};
		4A36D1382D0442C40083245C /* SmartPlannerTests */ = {
			isa = PBXFileSystemSynchronizedRootGroup;
			path = SmartPlannerTests;
			sourceTree = "<group>";
		};
		4A36D1422D0442C40083245C /* SmartPlannerUITests */ = {
			isa = PBXFileSystemSynchronizedRootGroup;
			path = SmartPlannerUITests;
			sourceTree = "<group>";
		};
/* End PBXFileSystemSynchronizedRootGroup section */

/* Begin PBXFrameworksBuildPhase section */
		4A36D1222D0442C30083245C /* Frameworks */ = {
			isa = PBXFrameworksBuildPhase;
			buildActionMask = 2147483647;
			files = (
			);
			runOnlyForDeploymentPostprocessing = 0;
		};
		4A36D1322D0442C40083245C /* Frameworks */ = {
			isa = PBXFrameworksBuildPhase;
			buildActionMask = 2147483647;
			files = (
			);
			runOnlyForDeploymentPostprocessing = 0;
		};
		4A36D13C2D0442C40083245C /* Frameworks */ = {
			isa = PBXFrameworksBuildPhase;
			buildActionMask = 2147483647;
			files = (
			);
			runOnlyForDeploymentPostprocessing = 0;
		};
/* End PBXFrameworksBuildPhase section */

/* Begin PBXGroup section */
		4A36D11C2D0442C30083245C = {
			isa = PBXGroup;
			children = (
				4A36D2982D09B8550083245C /* PlanBlockInstance+CoreDataClass.swift */,
				4A36D2992D09B8550083245C /* PlanBlockInstance+CoreDataProperties.swift */,
				4A36D29A2D09B8550083245C /* PlanBlockTemplate+CoreDataClass.swift */,
				4A36D29B2D09B8550083245C /* PlanBlockTemplate+CoreDataProperties.swift */,
				4A36D29C2D09B8550083245C /* PlanInstance+CoreDataClass.swift */,
				4A36D29D2D09B8550083245C /* PlanInstance+CoreDataProperties.swift */,
				4A36D29E2D09B8550083245C /* PlanTemplate+CoreDataClass.swift */,
				4A36D29F2D09B8550083245C /* PlanTemplate+CoreDataProperties.swift */,
				4A36D2502D09B6670083245C /* PlanCategory+CoreDataClass.swift */,
				4A36D2512D09B6670083245C /* PlanCategory+CoreDataProperties.swift */,
				4A36D1272D0442C30083245C /* SmartPlanner */,
				4A36D1382D0442C40083245C /* SmartPlannerTests */,
				4A36D1422D0442C40083245C /* SmartPlannerUITests */,
				4A36D1262D0442C30083245C /* Products */,
			);
			sourceTree = "<group>";
		};
		4A36D1262D0442C30083245C /* Products */ = {
			isa = PBXGroup;
			children = (
				4A36D1252D0442C30083245C /* SmartPlanner.app */,
				4A36D1352D0442C40083245C /* SmartPlannerTests.xctest */,
				4A36D13F2D0442C40083245C /* SmartPlannerUITests.xctest */,
			);
			name = Products;
			sourceTree = "<group>";
		};
/* End PBXGroup section */

/* Begin PBXNativeTarget section */
		4A36D1242D0442C30083245C /* SmartPlanner */ = {
			isa = PBXNativeTarget;
			buildConfigurationList = 4A36D1492D0442C40083245C /* Build configuration list for PBXNativeTarget "SmartPlanner" */;
			buildPhases = (
				4A36D1212D0442C30083245C /* Sources */,
				4A36D1222D0442C30083245C /* Frameworks */,
				4A36D1232D0442C30083245C /* Resources */,
			);
			buildRules = (
			);
			dependencies = (
			);
			fileSystemSynchronizedGroups = (
				4A36D1272D0442C30083245C /* SmartPlanner */,
			);
			name = SmartPlanner;
			packageProductDependencies = (
			);
			productName = SmartPlanner;
			productReference = 4A36D1252D0442C30083245C /* SmartPlanner.app */;
			productType = "com.apple.product-type.application";
		};
		4A36D1342D0442C40083245C /* SmartPlannerTests */ = {
			isa = PBXNativeTarget;
			buildConfigurationList = 4A36D14C2D0442C40083245C /* Build configuration list for PBXNativeTarget "SmartPlannerTests" */;
			buildPhases = (
				4A36D1312D0442C40083245C /* Sources */,
				4A36D1322D0442C40083245C /* Frameworks */,
				4A36D1332D0442C40083245C /* Resources */,
			);
			buildRules = (
			);
			dependencies = (
				4A36D1372D0442C40083245C /* PBXTargetDependency */,
			);
			fileSystemSynchronizedGroups = (
				4A36D1382D0442C40083245C /* SmartPlannerTests */,
			);
			name = SmartPlannerTests;
			packageProductDependencies = (
			);
			productName = SmartPlannerTests;
			productReference = 4A36D1352D0442C40083245C /* SmartPlannerTests.xctest */;
			productType = "com.apple.product-type.bundle.unit-test";
		};
		4A36D13E2D0442C40083245C /* SmartPlannerUITests */ = {
			isa = PBXNativeTarget;
			buildConfigurationList = 4A36D14F2D0442C40083245C /* Build configuration list for PBXNativeTarget "SmartPlannerUITests" */;
			buildPhases = (
				4A36D13B2D0442C40083245C /* Sources */,
				4A36D13C2D0442C40083245C /* Frameworks */,
				4A36D13D2D0442C40083245C /* Resources */,
			);
			buildRules = (
			);
			dependencies = (
				4A36D1412D0442C40083245C /* PBXTargetDependency */,
			);
			fileSystemSynchronizedGroups = (
				4A36D1422D0442C40083245C /* SmartPlannerUITests */,
			);
			name = SmartPlannerUITests;
			packageProductDependencies = (
			);
			productName = SmartPlannerUITests;
			productReference = 4A36D13F2D0442C40083245C /* SmartPlannerUITests.xctest */;
			productType = "com.apple.product-type.bundle.ui-testing";
		};
/* End PBXNativeTarget section */

/* Begin PBXProject section */
		4A36D11D2D0442C30083245C /* Project object */ = {
			isa = PBXProject;
			attributes = {
				BuildIndependentTargetsInParallel = 1;
				LastSwiftUpdateCheck = 1610;
				LastUpgradeCheck = 1610;
				TargetAttributes = {
					4A36D1242D0442C30083245C = {
						CreatedOnToolsVersion = 16.1;
					};
					4A36D1342D0442C40083245C = {
						CreatedOnToolsVersion = 16.1;
						TestTargetID = 4A36D1242D0442C30083245C;
					};
					4A36D13E2D0442C40083245C = {
						CreatedOnToolsVersion = 16.1;
						TestTargetID = 4A36D1242D0442C30083245C;
					};
				};
			};
			buildConfigurationList = 4A36D1202D0442C30083245C /* Build configuration list for PBXProject "SmartPlanner" */;
			developmentRegion = en;
			hasScannedForEncodings = 0;
			knownRegions = (
				en,
				Base,
			);
			mainGroup = 4A36D11C2D0442C30083245C;
			minimizedProjectReferenceProxies = 1;
			preferredProjectObjectVersion = 77;
			productRefGroup = 4A36D1262D0442C30083245C /* Products */;
			projectDirPath = "";
			projectRoot = "";
			targets = (
				4A36D1242D0442C30083245C /* SmartPlanner */,
				4A36D1342D0442C40083245C /* SmartPlannerTests */,
				4A36D13E2D0442C40083245C /* SmartPlannerUITests */,
			);
		};
/* End PBXProject section */

/* Begin PBXResourcesBuildPhase section */
		4A36D1232D0442C30083245C /* Resources */ = {
			isa = PBXResourcesBuildPhase;
			buildActionMask = 2147483647;
			files = (
			);
			runOnlyForDeploymentPostprocessing = 0;
		};
		4A36D1332D0442C40083245C /* Resources */ = {
			isa = PBXResourcesBuildPhase;
			buildActionMask = 2147483647;
			files = (
			);
			runOnlyForDeploymentPostprocessing = 0;
		};
		4A36D13D2D0442C40083245C /* Resources */ = {
			isa = PBXResourcesBuildPhase;
			buildActionMask = 2147483647;
			files = (
			);
			runOnlyForDeploymentPostprocessing = 0;
		};
/* End PBXResourcesBuildPhase section */

/* Begin PBXSourcesBuildPhase section */
		4A36D1212D0442C30083245C /* Sources */ = {
			isa = PBXSourcesBuildPhase;
			buildActionMask = 2147483647;
			files = (
			);
			runOnlyForDeploymentPostprocessing = 0;
		};
		4A36D1312D0442C40083245C /* Sources */ = {
			isa = PBXSourcesBuildPhase;
			buildActionMask = 2147483647;
			files = (
				4A36D2542D09B6670083245C /* PlanCategory+CoreDataClass.swift in Sources */,
				4A36D2A02D09B8550083245C /* PlanBlockTemplate+CoreDataClass.swift in Sources */,
				4A36D2A12D09B8550083245C /* PlanInstance+CoreDataClass.swift in Sources */,
				4A36D2A22D09B8550083245C /* PlanInstance+CoreDataProperties.swift in Sources */,
				4A36D2A32D09B8550083245C /* PlanBlockInstance+CoreDataClass.swift in Sources */,
				4A36D2A42D09B8550083245C /* PlanBlockInstance+CoreDataProperties.swift in Sources */,
				4A36D2A52D09B8550083245C /* PlanBlockTemplate+CoreDataProperties.swift in Sources */,
				4A36D2A62D09B8550083245C /* PlanTemplate+CoreDataClass.swift in Sources */,
				4A36D2A72D09B8550083245C /* PlanTemplate+CoreDataProperties.swift in Sources */,
				4A36D2552D09B6670083245C /* PlanCategory+CoreDataProperties.swift in Sources */,
			);
			runOnlyForDeploymentPostprocessing = 0;
		};
		4A36D13B2D0442C40083245C /* Sources */ = {
			isa = PBXSourcesBuildPhase;
			buildActionMask = 2147483647;
			files = (
			);
			runOnlyForDeploymentPostprocessing = 0;
		};
/* End PBXSourcesBuildPhase section */

/* Begin PBXTargetDependency section */
		4A36D1372D0442C40083245C /* PBXTargetDependency */ = {
			isa = PBXTargetDependency;
			target = 4A36D1242D0442C30083245C /* SmartPlanner */;
			targetProxy = 4A36D1362D0442C40083245C /* PBXContainerItemProxy */;
		};
		4A36D1412D0442C40083245C /* PBXTargetDependency */ = {
			isa = PBXTargetDependency;
			target = 4A36D1242D0442C30083245C /* SmartPlanner */;
			targetProxy = 4A36D1402D0442C40083245C /* PBXContainerItemProxy */;
		};
/* End PBXTargetDependency section */

/* Begin XCBuildConfiguration section */
		4A36D1472D0442C40083245C /* Debug */ = {
			isa = XCBuildConfiguration;
			buildSettings = {
				ALWAYS_SEARCH_USER_PATHS = NO;
				ASSETCATALOG_COMPILER_GENERATE_SWIFT_ASSET_SYMBOL_EXTENSIONS = YES;
				CLANG_ANALYZER_NONNULL = YES;
				CLANG_ANALYZER_NUMBER_OBJECT_CONVERSION = YES_AGGRESSIVE;
				CLANG_CXX_LANGUAGE_STANDARD = "gnu++20";
				CLANG_ENABLE_MODULES = YES;
				CLANG_ENABLE_OBJC_ARC = YES;
				CLANG_ENABLE_OBJC_WEAK = YES;
				CLANG_WARN_BLOCK_CAPTURE_AUTORELEASING = YES;
				CLANG_WARN_BOOL_CONVERSION = YES;
				CLANG_WARN_COMMA = YES;
				CLANG_WARN_CONSTANT_CONVERSION = YES;
				CLANG_WARN_DEPRECATED_OBJC_IMPLEMENTATIONS = YES;
				CLANG_WARN_DIRECT_OBJC_ISA_USAGE = YES_ERROR;
				CLANG_WARN_DOCUMENTATION_COMMENTS = YES;
				CLANG_WARN_EMPTY_BODY = YES;
				CLANG_WARN_ENUM_CONVERSION = YES;
				CLANG_WARN_INFINITE_RECURSION = YES;
				CLANG_WARN_INT_CONVERSION = YES;
				CLANG_WARN_NON_LITERAL_NULL_CONVERSION = YES;
				CLANG_WARN_OBJC_IMPLICIT_RETAIN_SELF = YES;
				CLANG_WARN_OBJC_LITERAL_CONVERSION = YES;
				CLANG_WARN_OBJC_ROOT_CLASS = YES_ERROR;
				CLANG_WARN_QUOTED_INCLUDE_IN_FRAMEWORK_HEADER = YES;
				CLANG_WARN_RANGE_LOOP_ANALYSIS = YES;
				CLANG_WARN_STRICT_PROTOTYPES = YES;
				CLANG_WARN_SUSPICIOUS_MOVE = YES;
				CLANG_WARN_UNGUARDED_AVAILABILITY = YES_AGGRESSIVE;
				CLANG_WARN_UNREACHABLE_CODE = YES;
				CLANG_WARN__DUPLICATE_METHOD_MATCH = YES;
				COPY_PHASE_STRIP = NO;
				DEBUG_INFORMATION_FORMAT = dwarf;
				ENABLE_STRICT_OBJC_MSGSEND = YES;
				ENABLE_TESTABILITY = YES;
				ENABLE_USER_SCRIPT_SANDBOXING = YES;
				GCC_C_LANGUAGE_STANDARD = gnu17;
				GCC_DYNAMIC_NO_PIC = NO;
				GCC_NO_COMMON_BLOCKS = YES;
				GCC_OPTIMIZATION_LEVEL = 0;
				GCC_PREPROCESSOR_DEFINITIONS = (
					"DEBUG=1",
					"$(inherited)",
				);
				GCC_WARN_64_TO_32_BIT_CONVERSION = YES;
				GCC_WARN_ABOUT_RETURN_TYPE = YES_ERROR;
				GCC_WARN_UNDECLARED_SELECTOR = YES;
				GCC_WARN_UNINITIALIZED_AUTOS = YES_AGGRESSIVE;
				GCC_WARN_UNUSED_FUNCTION = YES;
				GCC_WARN_UNUSED_VARIABLE = YES;
				IPHONEOS_DEPLOYMENT_TARGET = 18.1;
				LOCALIZATION_PREFERS_STRING_CATALOGS = YES;
				MTL_ENABLE_DEBUG_INFO = INCLUDE_SOURCE;
				MTL_FAST_MATH = YES;
				ONLY_ACTIVE_ARCH = YES;
				SDKROOT = iphoneos;
				SWIFT_ACTIVE_COMPILATION_CONDITIONS = "DEBUG $(inherited)";
				SWIFT_OPTIMIZATION_LEVEL = "-Onone";
			};
			name = Debug;
		};
		4A36D1482D0442C40083245C /* Release */ = {
			isa = XCBuildConfiguration;
			buildSettings = {
				ALWAYS_SEARCH_USER_PATHS = NO;
				ASSETCATALOG_COMPILER_GENERATE_SWIFT_ASSET_SYMBOL_EXTENSIONS = YES;
				CLANG_ANALYZER_NONNULL = YES;
				CLANG_ANALYZER_NUMBER_OBJECT_CONVERSION = YES_AGGRESSIVE;
				CLANG_CXX_LANGUAGE_STANDARD = "gnu++20";
				CLANG_ENABLE_MODULES = YES;
				CLANG_ENABLE_OBJC_ARC = YES;
				CLANG_ENABLE_OBJC_WEAK = YES;
				CLANG_WARN_BLOCK_CAPTURE_AUTORELEASING = YES;
				CLANG_WARN_BOOL_CONVERSION = YES;
				CLANG_WARN_COMMA = YES;
				CLANG_WARN_CONSTANT_CONVERSION = YES;
				CLANG_WARN_DEPRECATED_OBJC_IMPLEMENTATIONS = YES;
				CLANG_WARN_DIRECT_OBJC_ISA_USAGE = YES_ERROR;
				CLANG_WARN_DOCUMENTATION_COMMENTS = YES;
				CLANG_WARN_EMPTY_BODY = YES;
				CLANG_WARN_ENUM_CONVERSION = YES;
				CLANG_WARN_INFINITE_RECURSION = YES;
				CLANG_WARN_INT_CONVERSION = YES;
				CLANG_WARN_NON_LITERAL_NULL_CONVERSION = YES;
				CLANG_WARN_OBJC_IMPLICIT_RETAIN_SELF = YES;
				CLANG_WARN_OBJC_LITERAL_CONVERSION = YES;
				CLANG_WARN_OBJC_ROOT_CLASS = YES_ERROR;
				CLANG_WARN_QUOTED_INCLUDE_IN_FRAMEWORK_HEADER = YES;
				CLANG_WARN_RANGE_LOOP_ANALYSIS = YES;
				CLANG_WARN_STRICT_PROTOTYPES = YES;
				CLANG_WARN_SUSPICIOUS_MOVE = YES;
				CLANG_WARN_UNGUARDED_AVAILABILITY = YES_AGGRESSIVE;
				CLANG_WARN_UNREACHABLE_CODE = YES;
				CLANG_WARN__DUPLICATE_METHOD_MATCH = YES;
				COPY_PHASE_STRIP = NO;
				DEBUG_INFORMATION_FORMAT = "dwarf-with-dsym";
				ENABLE_NS_ASSERTIONS = NO;
				ENABLE_STRICT_OBJC_MSGSEND = YES;
				ENABLE_USER_SCRIPT_SANDBOXING = YES;
				GCC_C_LANGUAGE_STANDARD = gnu17;
				GCC_NO_COMMON_BLOCKS = YES;
				GCC_WARN_64_TO_32_BIT_CONVERSION = YES;
				GCC_WARN_ABOUT_RETURN_TYPE = YES_ERROR;
				GCC_WARN_UNDECLARED_SELECTOR = YES;
				GCC_WARN_UNINITIALIZED_AUTOS = YES_AGGRESSIVE;
				GCC_WARN_UNUSED_FUNCTION = YES;
				GCC_WARN_UNUSED_VARIABLE = YES;
				IPHONEOS_DEPLOYMENT_TARGET = 18.1;
				LOCALIZATION_PREFERS_STRING_CATALOGS = YES;
				MTL_ENABLE_DEBUG_INFO = NO;
				MTL_FAST_MATH = YES;
				SDKROOT = iphoneos;
				SWIFT_COMPILATION_MODE = wholemodule;
				VALIDATE_PRODUCT = YES;
			};
			name = Release;
		};
		4A36D14A2D0442C40083245C /* Debug */ = {
			isa = XCBuildConfiguration;
			buildSettings = {
				ASSETCATALOG_COMPILER_APPICON_NAME = AppIcon;
				ASSETCATALOG_COMPILER_GLOBAL_ACCENT_COLOR_NAME = AccentColor;
				CODE_SIGN_STYLE = Automatic;
				CURRENT_PROJECT_VERSION = 1;
				DEVELOPMENT_ASSET_PATHS = "\"SmartPlanner/Preview Content\"";
				DEVELOPMENT_TEAM = 286GNCXUY6;
				ENABLE_PREVIEWS = YES;
				GENERATE_INFOPLIST_FILE = YES;
				INFOPLIST_KEY_UIApplicationSceneManifest_Generation = YES;
				INFOPLIST_KEY_UIApplicationSupportsIndirectInputEvents = YES;
				INFOPLIST_KEY_UILaunchScreen_Generation = YES;
				INFOPLIST_KEY_UISupportedInterfaceOrientations_iPad = "UIInterfaceOrientationPortrait UIInterfaceOrientationPortraitUpsideDown UIInterfaceOrientationLandscapeLeft UIInterfaceOrientationLandscapeRight";
				INFOPLIST_KEY_UISupportedInterfaceOrientations_iPhone = "UIInterfaceOrientationPortrait UIInterfaceOrientationLandscapeLeft UIInterfaceOrientationLandscapeRight";
				LD_RUNPATH_SEARCH_PATHS = (
					"$(inherited)",
					"@executable_path/Frameworks",
				);
				MARKETING_VERSION = 1.0;
				PRODUCT_BUNDLE_IDENTIFIER = "tech.hs-jack-yzy.SmartPlanner";
				PRODUCT_NAME = "$(TARGET_NAME)";
				SWIFT_EMIT_LOC_STRINGS = YES;
				SWIFT_VERSION = 5.0;
				TARGETED_DEVICE_FAMILY = "1,2";
			};
			name = Debug;
		};
		4A36D14B2D0442C40083245C /* Release */ = {
			isa = XCBuildConfiguration;
			buildSettings = {
				ASSETCATALOG_COMPILER_APPICON_NAME = AppIcon;
				ASSETCATALOG_COMPILER_GLOBAL_ACCENT_COLOR_NAME = AccentColor;
				CODE_SIGN_STYLE = Automatic;
				CURRENT_PROJECT_VERSION = 1;
				DEVELOPMENT_ASSET_PATHS = "\"SmartPlanner/Preview Content\"";
				DEVELOPMENT_TEAM = 286GNCXUY6;
				ENABLE_PREVIEWS = YES;
				GENERATE_INFOPLIST_FILE = YES;
				INFOPLIST_KEY_UIApplicationSceneManifest_Generation = YES;
				INFOPLIST_KEY_UIApplicationSupportsIndirectInputEvents = YES;
				INFOPLIST_KEY_UILaunchScreen_Generation = YES;
				INFOPLIST_KEY_UISupportedInterfaceOrientations_iPad = "UIInterfaceOrientationPortrait UIInterfaceOrientationPortraitUpsideDown UIInterfaceOrientationLandscapeLeft UIInterfaceOrientationLandscapeRight";
				INFOPLIST_KEY_UISupportedInterfaceOrientations_iPhone = "UIInterfaceOrientationPortrait UIInterfaceOrientationLandscapeLeft UIInterfaceOrientationLandscapeRight";
				LD_RUNPATH_SEARCH_PATHS = (
					"$(inherited)",
					"@executable_path/Frameworks",
				);
				MARKETING_VERSION = 1.0;
				PRODUCT_BUNDLE_IDENTIFIER = "tech.hs-jack-yzy.SmartPlanner";
				PRODUCT_NAME = "$(TARGET_NAME)";
				SWIFT_EMIT_LOC_STRINGS = YES;
				SWIFT_VERSION = 5.0;
				TARGETED_DEVICE_FAMILY = "1,2";
			};
			name = Release;
		};
		4A36D14D2D0442C40083245C /* Debug */ = {
			isa = XCBuildConfiguration;
			buildSettings = {
				BUNDLE_LOADER = "$(TEST_HOST)";
				CODE_SIGN_STYLE = Automatic;
				CURRENT_PROJECT_VERSION = 1;
				DEVELOPMENT_TEAM = 286GNCXUY6;
				GENERATE_INFOPLIST_FILE = YES;
				IPHONEOS_DEPLOYMENT_TARGET = 18.1;
				MARKETING_VERSION = 1.0;
				PRODUCT_BUNDLE_IDENTIFIER = "tech.hs-jack-yzy.SmartPlannerTests";
				PRODUCT_NAME = "$(TARGET_NAME)";
				SWIFT_EMIT_LOC_STRINGS = NO;
				SWIFT_VERSION = 5.0;
				TARGETED_DEVICE_FAMILY = "1,2";
				TEST_HOST = "$(BUILT_PRODUCTS_DIR)/SmartPlanner.app/$(BUNDLE_EXECUTABLE_FOLDER_PATH)/SmartPlanner";
			};
			name = Debug;
		};
		4A36D14E2D0442C40083245C /* Release */ = {
			isa = XCBuildConfiguration;
			buildSettings = {
				BUNDLE_LOADER = "$(TEST_HOST)";
				CODE_SIGN_STYLE = Automatic;
				CURRENT_PROJECT_VERSION = 1;
				DEVELOPMENT_TEAM = 286GNCXUY6;
				GENERATE_INFOPLIST_FILE = YES;
				IPHONEOS_DEPLOYMENT_TARGET = 18.1;
				MARKETING_VERSION = 1.0;
				PRODUCT_BUNDLE_IDENTIFIER = "tech.hs-jack-yzy.SmartPlannerTests";
				PRODUCT_NAME = "$(TARGET_NAME)";
				SWIFT_EMIT_LOC_STRINGS = NO;
				SWIFT_VERSION = 5.0;
				TARGETED_DEVICE_FAMILY = "1,2";
				TEST_HOST = "$(BUILT_PRODUCTS_DIR)/SmartPlanner.app/$(BUNDLE_EXECUTABLE_FOLDER_PATH)/SmartPlanner";
			};
			name = Release;
		};
		4A36D1502D0442C40083245C /* Debug */ = {
			isa = XCBuildConfiguration;
			buildSettings = {
				CODE_SIGN_STYLE = Automatic;
				CURRENT_PROJECT_VERSION = 1;
				DEVELOPMENT_TEAM = 286GNCXUY6;
				GENERATE_INFOPLIST_FILE = YES;
				MARKETING_VERSION = 1.0;
				PRODUCT_BUNDLE_IDENTIFIER = "tech.hs-jack-yzy.SmartPlannerUITests";
				PRODUCT_NAME = "$(TARGET_NAME)";
				SWIFT_EMIT_LOC_STRINGS = NO;
				SWIFT_VERSION = 5.0;
				TARGETED_DEVICE_FAMILY = "1,2";
				TEST_TARGET_NAME = SmartPlanner;
			};
			name = Debug;
		};
		4A36D1512D0442C40083245C /* Release */ = {
			isa = XCBuildConfiguration;
			buildSettings = {
				CODE_SIGN_STYLE = Automatic;
				CURRENT_PROJECT_VERSION = 1;
				DEVELOPMENT_TEAM = 286GNCXUY6;
				GENERATE_INFOPLIST_FILE = YES;
				MARKETING_VERSION = 1.0;
				PRODUCT_BUNDLE_IDENTIFIER = "tech.hs-jack-yzy.SmartPlannerUITests";
				PRODUCT_NAME = "$(TARGET_NAME)";
				SWIFT_EMIT_LOC_STRINGS = NO;
				SWIFT_VERSION = 5.0;
				TARGETED_DEVICE_FAMILY = "1,2";
				TEST_TARGET_NAME = SmartPlanner;
			};
			name = Release;
		};
/* End XCBuildConfiguration section */

/* Begin XCConfigurationList section */
		4A36D1202D0442C30083245C /* Build configuration list for PBXProject "SmartPlanner" */ = {
			isa = XCConfigurationList;
			buildConfigurations = (
				4A36D1472D0442C40083245C /* Debug */,
				4A36D1482D0442C40083245C /* Release */,
			);
			defaultConfigurationIsVisible = 0;
			defaultConfigurationName = Release;
		};
		4A36D1492D0442C40083245C /* Build configuration list for PBXNativeTarget "SmartPlanner" */ = {
			isa = XCConfigurationList;
			buildConfigurations = (
				4A36D14A2D0442C40083245C /* Debug */,
				4A36D14B2D0442C40083245C /* Release */,
			);
			defaultConfigurationIsVisible = 0;
			defaultConfigurationName = Release;
		};
		4A36D14C2D0442C40083245C /* Build configuration list for PBXNativeTarget "SmartPlannerTests" */ = {
			isa = XCConfigurationList;
			buildConfigurations = (
				4A36D14D2D0442C40083245C /* Debug */,
				4A36D14E2D0442C40083245C /* Release */,
			);
			defaultConfigurationIsVisible = 0;
			defaultConfigurationName = Release;
		};
		4A36D14F2D0442C40083245C /* Build configuration list for PBXNativeTarget "SmartPlannerUITests" */ = {
			isa = XCConfigurationList;
			buildConfigurations = (
				4A36D1502D0442C40083245C /* Debug */,
				4A36D1512D0442C40083245C /* Release */,
			);
			defaultConfigurationIsVisible = 0;
			defaultConfigurationName = Release;
		};
/* End XCConfigurationList section */
	};
	rootObject = 4A36D11D2D0442C30083245C /* Project object */;
}
